
Microsoft Visual Studio Solution File, Format Version 12.00
# Visual Studio Version 16
VisualStudioVersion = 16.0.30907.101
MinimumVisualStudioVersion = 10.0.40219.1
Project("{9A19103F-16F7-4668-BE54-9A1E7A4F7556}") = "CursoMVCDio", "CursoMVCDio\CursoMVCDio.csproj", "{FC817C00-4B80-4705-A7B2-D6AB58B3F018}"
EndProject
Project("{FAE04EC0-301F-11D3-BF4B-00C04F79EFBC}") = "CursoAPI", "CursoAPI\CursoAPI.csproj", "{27BEB7CB-602F-4EFB-9220-A1CCDCCDAD20}"
EndProject
Project("{FAE04EC0-301F-11D3-BF4B-00C04F79EFBC}") = "CursoTest", "CursoTest\CursoTest\CursoTest.csproj", "{619EC1F3-FA68-49D3-B9BD-413438C2D6D4}"
EndProject
Project("{2150E333-8FDC-42A3-9474-1A3956D46DE8}") = "Solution Items", "Solution Items", "{17695360-5F9F-4486-8767-FA58128A8892}"
	ProjectSection(SolutionItems) = preProject
		.editorconfig = .editorconfig
	EndProjectSection
EndProject
Global
	GlobalSection(SolutionConfigurationPlatforms) = preSolution
		Debug|Any CPU = Debug|Any CPU
		Release|Any CPU = Release|Any CPU
	EndGlobalSection
	GlobalSection(ProjectConfigurationPlatforms) = postSolution
		{FC817C00-4B80-4705-A7B2-D6AB58B3F018}.Debug|Any CPU.ActiveCfg = Debug|Any CPU
		{FC817C00-4B80-4705-A7B2-D6AB58B3F018}.Debug|Any CPU.Build.0 = Debug|Any CPU
		{FC817C00-4B80-4705-A7B2-D6AB58B3F018}.Release|Any CPU.ActiveCfg = Release|Any CPU
		{FC817C00-4B80-4705-A7B2-D6AB58B3F018}.Release|Any CPU.Build.0 = Release|Any CPU
		{27BEB7CB-602F-4EFB-9220-A1CCDCCDAD20}.Debug|Any CPU.ActiveCfg = Debug|Any CPU
		{27BEB7CB-602F-4EFB-9220-A1CCDCCDAD20}.Debug|Any CPU.Build.0 = Debug|Any CPU
		{27BEB7CB-602F-4EFB-9220-A1CCDCCDAD20}.Release|Any CPU.ActiveCfg = Release|Any CPU
		{27BEB7CB-602F-4EFB-9220-A1CCDCCDAD20}.Release|Any CPU.Build.0 = Release|Any CPU
		{619EC1F3-FA68-49D3-B9BD-413438C2D6D4}.Debug|Any CPU.ActiveCfg = Debug|Any CPU
		{619EC1F3-FA68-49D3-B9BD-413438C2D6D4}.Debug|Any CPU.Build.0 = Debug|Any CPU
		{619EC1F3-FA68-49D3-B9BD-413438C2D6D4}.Release|Any CPU.ActiveCfg = Release|Any CPU
		{619EC1F3-FA68-49D3-B9BD-413438C2D6D4}.Release|Any CPU.Build.0 = Release|Any CPU
	EndGlobalSection
	GlobalSection(SolutionProperties) = preSolution
		HideSolutionNode = FALSE
	EndGlobalSection
	GlobalSection(ExtensibilityGlobals) = postSolution
		SolutionGuid = {C85F6142-D22D-4A25-95D3-46740F9E0451}
	EndGlobalSection
EndGlobal
